
Microsoft Visual Studio Solution File, Format Version 12.00
# Visual Studio Version 17
VisualStudioVersion = 17.9.34607.119
MinimumVisualStudioVersion = 10.0.40219.1
Project("{9A19103F-16F7-4668-BE54-9A1E7A4F7556}") = "Libreria", "Libreria\Libreria.csproj", "{C03BDC9F-55F9-4D53-BF37-102E6BAF9000}"
EndProject
Project("{9A19103F-16F7-4668-BE54-9A1E7A4F7556}") = "Menú", "Menú\Menú.csproj", "{E98AF7B4-F653-412A-84FC-A6F2EF2D4161}"
EndProject
Project("{9A19103F-16F7-4668-BE54-9A1E7A4F7556}") = "SimuladorForms", "SimuladorForms\SimuladorForms.csproj", "{19173F7F-D259-4030-A5FC-2325B49DB543}"
EndProject
Project("{FAE04EC0-301F-11D3-BF4B-00C04F79EFBC}") = "GestionBaseDatos", "GestionBaseDatos\GestionBaseDatos.csproj", "{82C9B290-D94C-450C-91DE-1368070B55EC}"
EndProject
Global
	GlobalSection(SolutionConfigurationPlatforms) = preSolution
		Debug|Any CPU = Debug|Any CPU
		Release|Any CPU = Release|Any CPU
	EndGlobalSection
	GlobalSection(ProjectConfigurationPlatforms) = postSolution
		{C03BDC9F-55F9-4D53-BF37-102E6BAF9000}.Debug|Any CPU.ActiveCfg = Debug|Any CPU
		{C03BDC9F-55F9-4D53-BF37-102E6BAF9000}.Debug|Any CPU.Build.0 = Debug|Any CPU
		{C03BDC9F-55F9-4D53-BF37-102E6BAF9000}.Release|Any CPU.ActiveCfg = Release|Any CPU
		{C03BDC9F-55F9-4D53-BF37-102E6BAF9000}.Release|Any CPU.Build.0 = Release|Any CPU
		{E98AF7B4-F653-412A-84FC-A6F2EF2D4161}.Debug|Any CPU.ActiveCfg = Debug|Any CPU
		{E98AF7B4-F653-412A-84FC-A6F2EF2D4161}.Debug|Any CPU.Build.0 = Debug|Any CPU
		{E98AF7B4-F653-412A-84FC-A6F2EF2D4161}.Release|Any CPU.ActiveCfg = Release|Any CPU
		{E98AF7B4-F653-412A-84FC-A6F2EF2D4161}.Release|Any CPU.Build.0 = Release|Any CPU
		{19173F7F-D259-4030-A5FC-2325B49DB543}.Debug|Any CPU.ActiveCfg = Debug|Any CPU
		{19173F7F-D259-4030-A5FC-2325B49DB543}.Debug|Any CPU.Build.0 = Debug|Any CPU
		{19173F7F-D259-4030-A5FC-2325B49DB543}.Release|Any CPU.ActiveCfg = Release|Any CPU
		{19173F7F-D259-4030-A5FC-2325B49DB543}.Release|Any CPU.Build.0 = Release|Any CPU
		{82C9B290-D94C-450C-91DE-1368070B55EC}.Debug|Any CPU.ActiveCfg = Debug|Any CPU
		{82C9B290-D94C-450C-91DE-1368070B55EC}.Debug|Any CPU.Build.0 = Debug|Any CPU
		{82C9B290-D94C-450C-91DE-1368070B55EC}.Release|Any CPU.ActiveCfg = Release|Any CPU
		{82C9B290-D94C-450C-91DE-1368070B55EC}.Release|Any CPU.Build.0 = Release|Any CPU
	EndGlobalSection
	GlobalSection(SolutionProperties) = preSolution
		HideSolutionNode = FALSE
	EndGlobalSection
	GlobalSection(ExtensibilityGlobals) = postSolution
		SolutionGuid = {328C11B4-A76A-4BF5-A181-41D2D136D78D}
	EndGlobalSection
EndGlobal
